
Microsoft Visual Studio Solution File, Format Version 12.00
# Visual Studio Version 17
VisualStudioVersion = 17.10.35122.118
MinimumVisualStudioVersion = 10.0.40219.1
Project("{FAE04EC0-301F-11D3-BF4B-00C04F79EFBC}") = "HelpSearchAPI", "HelpSearchAPI\HelpSearchAPI.csproj", "{D65E286B-DF24-4823-9CAC-7B41F4015D1D}"
EndProject
Global
	GlobalSection(SolutionConfigurationPlatforms) = preSolution
		Debug|Any CPU = Debug|Any CPU
		Release|Any CPU = Release|Any CPU
	EndGlobalSection
	GlobalSection(ProjectConfigurationPlatforms) = postSolution
		{D65E286B-DF24-4823-9CAC-7B41F4015D1D}.Debug|Any CPU.ActiveCfg = Debug|Any CPU
		{D65E286B-DF24-4823-9CAC-7B41F4015D1D}.Debug|Any CPU.Build.0 = Debug|Any CPU
		{D65E286B-DF24-4823-9CAC-7B41F4015D1D}.Release|Any CPU.ActiveCfg = Release|Any CPU
		{D65E286B-DF24-4823-9CAC-7B41F4015D1D}.Release|Any CPU.Build.0 = Release|Any CPU
	EndGlobalSection
	GlobalSection(SolutionProperties) = preSolution
		HideSolutionNode = FALSE
	EndGlobalSection
	GlobalSection(ExtensibilityGlobals) = postSolution
		SolutionGuid = {944A8B6C-E1A4-4B14-8278-03DA982C20AC}
	EndGlobalSection
EndGlobal
